{
  "name": "scratchyfetch",
  "version": "1.0.0",
  "lockfileVersion": 2,
  "dependencies": {
    "axios": {
      "version": "0.27.2",
      "resolved": "https://registry.npmjs.org/axios/-/axios-0.27.2.tgz",
      "integrity": "sha512-5w9v7TjCvTX9unQU+9GoH17iYYR6K1w3zVubCh2/c1Xth8A7yYbhBzW2Tsehw+bcJz2d5CdrD5O4uGnAOSb4wQ=="
    },
    "express": {
      "version": "4.17.1",
      "resolved": "https://registry.npmjs.org/express/-/express-4.17.1.tgz",
      "integrity": "sha512-VR25uCX73BdWQ4ZZ2ozLU7YbiLUzU0dLD5XfiXy7xd01kKnBY1M6PBRuVsPMJ9kZsQ1eM7vMfYBZnCmUlQUZyw=="
    },
    "typescript": {
      "version": "4.4.4",
      "resolved": "https://registry.npmjs.org/typescript/-/typescript-4.4.4.tgz",
      "integrity": "sha512-sWdhTnPjFqGRlYr12tBxZkwSpxYbDd60S8BvWoMvDqokP4ghlX6Op5uP6HvOpXT4wXoiUIfmLkY34P3GjGi+7g=="
    },
    "ts-node": {
      "version": "10.4.0",
      "resolved": "https://registry.npmjs.org/ts-node/-/ts-node-10.4.0.tgz",
      "integrity": "sha512-Ibs8V3RYqZJkxh0nA3GqGTpQ1dXzpOwgsBCpXwW7pKXnQJlq8ocshMG7M9HcmMl/d6LHKgtPLn2l/OE7khZTfg=="
    }
  }
}
